
Microsoft Visual Studio Solution File, Format Version 12.00
# Visual Studio Version 16
VisualStudioVersion = 16.0.29911.84
MinimumVisualStudioVersion = 10.0.40219.1
Project("{FAE04EC0-301F-11D3-BF4B-00C04F79EFBC}") = "NetworkSimulator", "NetworkSimulator\NetworkSimulator.csproj", "{05ABCBF4-1029-458E-ADF5-0FB5C9871A71}"
EndProject
Global
	GlobalSection(SolutionConfigurationPlatforms) = preSolution
		Debug|Any CPU = Debug|Any CPU
		Release|Any CPU = Release|Any CPU
	EndGlobalSection
	GlobalSection(ProjectConfigurationPlatforms) = postSolution
		{05ABCBF4-1029-458E-ADF5-0FB5C9871A71}.Debug|Any CPU.ActiveCfg = Debug|Any CPU
		{05ABCBF4-1029-458E-ADF5-0FB5C9871A71}.Debug|Any CPU.Build.0 = Debug|Any CPU
		{05ABCBF4-1029-458E-ADF5-0FB5C9871A71}.Release|Any CPU.ActiveCfg = Release|Any CPU
		{05ABCBF4-1029-458E-ADF5-0FB5C9871A71}.Release|Any CPU.Build.0 = Release|Any CPU
	EndGlobalSection
	GlobalSection(SolutionProperties) = preSolution
		HideSolutionNode = FALSE
	EndGlobalSection
	GlobalSection(ExtensibilityGlobals) = postSolution
		SolutionGuid = {CA269147-725B-4B6C-BCF7-5FF0ACC50A0D}
	EndGlobalSection
EndGlobal
